
Microsoft Visual Studio Solution File, Format Version 12.00
# Visual Studio Version 16
VisualStudioVersion = 16.0.31105.61
MinimumVisualStudioVersion = 10.0.40219.1
Project("{FAE04EC0-301F-11D3-BF4B-00C04F79EFBC}") = "KargoTakip", "KargoTakip\KargoTakip.csproj", "{8217F58B-5AD1-460F-8C2D-02FDA3BB93D9}"
EndProject
Global
	GlobalSection(SolutionConfigurationPlatforms) = preSolution
		Debug|Any CPU = Debug|Any CPU
		Release|Any CPU = Release|Any CPU
	EndGlobalSection
	GlobalSection(ProjectConfigurationPlatforms) = postSolution
		{8217F58B-5AD1-460F-8C2D-02FDA3BB93D9}.Debug|Any CPU.ActiveCfg = Debug|Any CPU
		{8217F58B-5AD1-460F-8C2D-02FDA3BB93D9}.Debug|Any CPU.Build.0 = Debug|Any CPU
		{8217F58B-5AD1-460F-8C2D-02FDA3BB93D9}.Release|Any CPU.ActiveCfg = Release|Any CPU
		{8217F58B-5AD1-460F-8C2D-02FDA3BB93D9}.Release|Any CPU.Build.0 = Release|Any CPU
	EndGlobalSection
	GlobalSection(SolutionProperties) = preSolution
		HideSolutionNode = FALSE
	EndGlobalSection
	GlobalSection(ExtensibilityGlobals) = postSolution
		SolutionGuid = {0CCC8108-61E1-4E50-9FBA-EBE30DE17F10}
	EndGlobalSection
EndGlobal
